
Microsoft Visual Studio Solution File, Format Version 12.00
# Visual Studio 15
VisualStudioVersion = 15.0.28307.421
MinimumVisualStudioVersion = 10.0.40219.1
Project("{FAE04EC0-301F-11D3-BF4B-00C04F79EFBC}") = "MantenimientoDeEmpleados", "MantenimientoDeEmpleados\MantenimientoDeEmpleados.csproj", "{AA603CA8-F2C4-421D-8EAF-9BF50A269D4F}"
EndProject
Global
	GlobalSection(SolutionConfigurationPlatforms) = preSolution
		Debug|Any CPU = Debug|Any CPU
		Release|Any CPU = Release|Any CPU
	EndGlobalSection
	GlobalSection(ProjectConfigurationPlatforms) = postSolution
		{AA603CA8-F2C4-421D-8EAF-9BF50A269D4F}.Debug|Any CPU.ActiveCfg = Debug|Any CPU
		{AA603CA8-F2C4-421D-8EAF-9BF50A269D4F}.Debug|Any CPU.Build.0 = Debug|Any CPU
		{AA603CA8-F2C4-421D-8EAF-9BF50A269D4F}.Release|Any CPU.ActiveCfg = Release|Any CPU
		{AA603CA8-F2C4-421D-8EAF-9BF50A269D4F}.Release|Any CPU.Build.0 = Release|Any CPU
	EndGlobalSection
	GlobalSection(SolutionProperties) = preSolution
		HideSolutionNode = FALSE
	EndGlobalSection
	GlobalSection(ExtensibilityGlobals) = postSolution
		SolutionGuid = {7619ED5E-6BF2-42B7-9C5A-24D705881938}
	EndGlobalSection
EndGlobal
